
Microsoft Visual Studio Solution File, Format Version 12.00
# Visual Studio 15
VisualStudioVersion = 15.0.26730.3
MinimumVisualStudioVersion = 10.0.40219.1
Project("{FAE04EC0-301F-11D3-BF4B-00C04F79EFBC}") = "UserProfit", "UserProfit\UserProfit.csproj", "{C86E8771-0261-48DD-84BD-F30EDD03B4BA}"
EndProject
Project("{FAE04EC0-301F-11D3-BF4B-00C04F79EFBC}") = "UserProfitTests", "UserProfitTests\UserProfitTests.csproj", "{D81202FC-2684-4933-B16A-C5D217074C25}"
EndProject
Global
	GlobalSection(SolutionConfigurationPlatforms) = preSolution
		Debug|Any CPU = Debug|Any CPU
		Release|Any CPU = Release|Any CPU
	EndGlobalSection
	GlobalSection(ProjectConfigurationPlatforms) = postSolution
		{C86E8771-0261-48DD-84BD-F30EDD03B4BA}.Debug|Any CPU.ActiveCfg = Debug|Any CPU
		{C86E8771-0261-48DD-84BD-F30EDD03B4BA}.Debug|Any CPU.Build.0 = Debug|Any CPU
		{C86E8771-0261-48DD-84BD-F30EDD03B4BA}.Release|Any CPU.ActiveCfg = Release|Any CPU
		{C86E8771-0261-48DD-84BD-F30EDD03B4BA}.Release|Any CPU.Build.0 = Release|Any CPU
		{D81202FC-2684-4933-B16A-C5D217074C25}.Debug|Any CPU.ActiveCfg = Debug|Any CPU
		{D81202FC-2684-4933-B16A-C5D217074C25}.Debug|Any CPU.Build.0 = Debug|Any CPU
		{D81202FC-2684-4933-B16A-C5D217074C25}.Release|Any CPU.ActiveCfg = Release|Any CPU
		{D81202FC-2684-4933-B16A-C5D217074C25}.Release|Any CPU.Build.0 = Release|Any CPU
	EndGlobalSection
	GlobalSection(SolutionProperties) = preSolution
		HideSolutionNode = FALSE
	EndGlobalSection
	GlobalSection(ExtensibilityGlobals) = postSolution
		SolutionGuid = {73D49C36-1CC0-44D3-ACD8-A44DC55D7985}
	EndGlobalSection
EndGlobal
